// !$*UTF8*$!
{
	archiveVersion = 1;
	classes = {
	};
	objectVersion = 56;
	objects = {

/* Begin PBXBuildFile section */
		B92197112C1969E500EBA4D5 /* Lesson11Flashcards.swift in Sources */ = {isa = PBXBuildFile; fileRef = B92197102C1969E500EBA4D5 /* Lesson11Flashcards.swift */; };
		B92197132C196D9D00EBA4D5 /* Lesson12Flashcards.swift in Sources */ = {isa = PBXBuildFile; fileRef = B92197122C196D9D00EBA4D5 /* Lesson12Flashcards.swift */; };
		B92197152C196DBD00EBA4D5 /* Lesson13Flashcards.swift in Sources */ = {isa = PBXBuildFile; fileRef = B92197142C196DBD00EBA4D5 /* Lesson13Flashcards.swift */; };
		B92197172C196DDF00EBA4D5 /* Lesson14Flashcards.swift in Sources */ = {isa = PBXBuildFile; fileRef = B92197162C196DDF00EBA4D5 /* Lesson14Flashcards.swift */; };
		B92197192C196DFE00EBA4D5 /* Lesson15Flashcards.swift in Sources */ = {isa = PBXBuildFile; fileRef = B92197182C196DFE00EBA4D5 /* Lesson15Flashcards.swift */; };
		B921971B2C196E2100EBA4D5 /* Lesson16Flashcards.swift in Sources */ = {isa = PBXBuildFile; fileRef = B921971A2C196E2100EBA4D5 /* Lesson16Flashcards.swift */; };
		B921971D2C196E4300EBA4D5 /* Lesson17Flashcards.swift in Sources */ = {isa = PBXBuildFile; fileRef = B921971C2C196E4300EBA4D5 /* Lesson17Flashcards.swift */; };
		B921971F2C196E7A00EBA4D5 /* Lesson18Flashcards.swift in Sources */ = {isa = PBXBuildFile; fileRef = B921971E2C196E7A00EBA4D5 /* Lesson18Flashcards.swift */; };
		B92197212C196E9700EBA4D5 /* Lesson19Flashcards.swift in Sources */ = {isa = PBXBuildFile; fileRef = B92197202C196E9700EBA4D5 /* Lesson19Flashcards.swift */; };
		B92197232C196EAB00EBA4D5 /* Lesson20Flashcards.swift in Sources */ = {isa = PBXBuildFile; fileRef = B92197222C196EAB00EBA4D5 /* Lesson20Flashcards.swift */; };
		B98E3AE72C0ED22300E1CD62 /* Assets.xcassets in Resources */ = {isa = PBXBuildFile; fileRef = B98E3AE62C0ED22300E1CD62 /* Assets.xcassets */; };
		B98E3AEA2C0ED22300E1CD62 /* Preview Assets.xcassets in Resources */ = {isa = PBXBuildFile; fileRef = B98E3AE92C0ED22300E1CD62 /* Preview Assets.xcassets */; };
		B994725D2C2D8210002743B5 /* Lesson33Flashcards.swift in Sources */ = {isa = PBXBuildFile; fileRef = B994725C2C2D8210002743B5 /* Lesson33Flashcards.swift */; };
		B994725F2C2D823E002743B5 /* Lesson34Flashcards.swift in Sources */ = {isa = PBXBuildFile; fileRef = B994725E2C2D823E002743B5 /* Lesson34Flashcards.swift */; };
		B99472612C2D8266002743B5 /* Lesson35Flashcards.swift in Sources */ = {isa = PBXBuildFile; fileRef = B99472602C2D8266002743B5 /* Lesson35Flashcards.swift */; };
		B998D9382C510EEF00F903F6 /* RepetitionTrainingView.swift in Sources */ = {isa = PBXBuildFile; fileRef = B998D9352C510EEF00F903F6 /* RepetitionTrainingView.swift */; };
		B998D9392C510EEF00F903F6 /* FlashcardManager.swift in Sources */ = {isa = PBXBuildFile; fileRef = B998D9362C510EEF00F903F6 /* FlashcardManager.swift */; };
		B998D93A2C510EEF00F903F6 /* ContentView.swift in Sources */ = {isa = PBXBuildFile; fileRef = B998D9372C510EEF00F903F6 /* ContentView.swift */; };
		B9ADF37B2C4B789C00796B6D /* Learn Chinese Master.storekit in Resources */ = {isa = PBXBuildFile; fileRef = B9ADF37A2C4B789C00796B6D /* Learn Chinese Master.storekit */; };
		B9B3D61C2C0F208C007D8731 /* LearnChineseApp.swift in Sources */ = {isa = PBXBuildFile; fileRef = B9B3D61A2C0F1FF9007D8731 /* LearnChineseApp.swift */; };
		B9C4FDB82C23F34D0078BCE3 /* Lesson21Flashcards.swift in Sources */ = {isa = PBXBuildFile; fileRef = B9C4FDB72C23F34D0078BCE3 /* Lesson21Flashcards.swift */; };
		B9C4FDBA2C23F3730078BCE3 /* Lesson22Flashcards.swift in Sources */ = {isa = PBXBuildFile; fileRef = B9C4FDB92C23F3730078BCE3 /* Lesson22Flashcards.swift */; };
		B9C4FDBC2C23F3980078BCE3 /* Lesson23Flashcards.swift in Sources */ = {isa = PBXBuildFile; fileRef = B9C4FDBB2C23F3980078BCE3 /* Lesson23Flashcards.swift */; };
		B9C4FDBE2C23F3BF0078BCE3 /* Lesson24Flashcards.swift in Sources */ = {isa = PBXBuildFile; fileRef = B9C4FDBD2C23F3BF0078BCE3 /* Lesson24Flashcards.swift */; };
		B9C4FDC02C23F3E50078BCE3 /* Lesson25Flashcards.swift in Sources */ = {isa = PBXBuildFile; fileRef = B9C4FDBF2C23F3E50078BCE3 /* Lesson25Flashcards.swift */; };
		B9C4FDC22C23F4020078BCE3 /* Lesson26Flashcards.swift in Sources */ = {isa = PBXBuildFile; fileRef = B9C4FDC12C23F4020078BCE3 /* Lesson26Flashcards.swift */; };
		B9C4FDC42C23F41E0078BCE3 /* Lesson27Flashcards.swift in Sources */ = {isa = PBXBuildFile; fileRef = B9C4FDC32C23F41E0078BCE3 /* Lesson27Flashcards.swift */; };
		B9C4FDC62C23F4880078BCE3 /* Lesson28Flashcards.swift in Sources */ = {isa = PBXBuildFile; fileRef = B9C4FDC52C23F4880078BCE3 /* Lesson28Flashcards.swift */; };
		B9C4FDC82C23F4AF0078BCE3 /* Lesson29Flashcards.swift in Sources */ = {isa = PBXBuildFile; fileRef = B9C4FDC72C23F4AF0078BCE3 /* Lesson29Flashcards.swift */; };
		B9C4FDCA2C23F4CD0078BCE3 /* Lesson30Flashcards.swift in Sources */ = {isa = PBXBuildFile; fileRef = B9C4FDC92C23F4CD0078BCE3 /* Lesson30Flashcards.swift */; };
		B9C4FDCC2C23F4EF0078BCE3 /* Lesson31Flashcards.swift in Sources */ = {isa = PBXBuildFile; fileRef = B9C4FDCB2C23F4EF0078BCE3 /* Lesson31Flashcards.swift */; };
		B9C4FDCE2C23F5130078BCE3 /* Lesson32Flashcards.swift in Sources */ = {isa = PBXBuildFile; fileRef = B9C4FDCD2C23F5130078BCE3 /* Lesson32Flashcards.swift */; };
		B9C850792C12CDC200F7AE48 /* Lesson3Flashcards.swift in Sources */ = {isa = PBXBuildFile; fileRef = B9C850782C12CDC200F7AE48 /* Lesson3Flashcards.swift */; };
		B9C8507B2C12CF5000F7AE48 /* Lesson4Flashcards.swift in Sources */ = {isa = PBXBuildFile; fileRef = B9C8507A2C12CF5000F7AE48 /* Lesson4Flashcards.swift */; };
		B9C8507D2C12CF8600F7AE48 /* Lesson5Flashcards.swift in Sources */ = {isa = PBXBuildFile; fileRef = B9C8507C2C12CF8600F7AE48 /* Lesson5Flashcards.swift */; };
		B9C8507F2C12CFAD00F7AE48 /* Lesson6Flashcards.swift in Sources */ = {isa = PBXBuildFile; fileRef = B9C8507E2C12CFAD00F7AE48 /* Lesson6Flashcards.swift */; };
		B9C850812C12CFC900F7AE48 /* Lesson7Flashcards.swift in Sources */ = {isa = PBXBuildFile; fileRef = B9C850802C12CFC900F7AE48 /* Lesson7Flashcards.swift */; };
		B9C850832C12CFE100F7AE48 /* Lesson8Flashcards.swift in Sources */ = {isa = PBXBuildFile; fileRef = B9C850822C12CFE100F7AE48 /* Lesson8Flashcards.swift */; };
		B9C850852C12D00000F7AE48 /* Lesson9Flashcards.swift in Sources */ = {isa = PBXBuildFile; fileRef = B9C850842C12D00000F7AE48 /* Lesson9Flashcards.swift */; };
		B9C850872C12D01900F7AE48 /* Lesson10Flashcards.swift in Sources */ = {isa = PBXBuildFile; fileRef = B9C850862C12D01900F7AE48 /* Lesson10Flashcards.swift */; };
		B9DCA5EB2C1083F8004B88E3 /* Space.MOV in Resources */ = {isa = PBXBuildFile; fileRef = B9DCA5EA2C1083F8004B88E3 /* Space.MOV */; };
		B9E9CFE92C102AB100423113 /* Lesson1Flashcards.swift in Sources */ = {isa = PBXBuildFile; fileRef = B9E9CFE82C102AB100423113 /* Lesson1Flashcards.swift */; };
		B9E9CFEB2C1030E700423113 /* Lesson2Flashcards.swift in Sources */ = {isa = PBXBuildFile; fileRef = B9E9CFEA2C1030E700423113 /* Lesson2Flashcards.swift */; };
/* End PBXBuildFile section */

/* Begin PBXFileReference section */
		B92197102C1969E500EBA4D5 /* Lesson11Flashcards.swift */ = {isa = PBXFileReference; lastKnownFileType = sourcecode.swift; path = Lesson11Flashcards.swift; sourceTree = "<group>"; };
		B92197122C196D9D00EBA4D5 /* Lesson12Flashcards.swift */ = {isa = PBXFileReference; lastKnownFileType = sourcecode.swift; path = Lesson12Flashcards.swift; sourceTree = "<group>"; };
		B92197142C196DBD00EBA4D5 /* Lesson13Flashcards.swift */ = {isa = PBXFileReference; lastKnownFileType = sourcecode.swift; path = Lesson13Flashcards.swift; sourceTree = "<group>"; };
		B92197162C196DDF00EBA4D5 /* Lesson14Flashcards.swift */ = {isa = PBXFileReference; lastKnownFileType = sourcecode.swift; path = Lesson14Flashcards.swift; sourceTree = "<group>"; };
		B92197182C196DFE00EBA4D5 /* Lesson15Flashcards.swift */ = {isa = PBXFileReference; lastKnownFileType = sourcecode.swift; path = Lesson15Flashcards.swift; sourceTree = "<group>"; };
		B921971A2C196E2100EBA4D5 /* Lesson16Flashcards.swift */ = {isa = PBXFileReference; lastKnownFileType = sourcecode.swift; path = Lesson16Flashcards.swift; sourceTree = "<group>"; };
		B921971C2C196E4300EBA4D5 /* Lesson17Flashcards.swift */ = {isa = PBXFileReference; lastKnownFileType = sourcecode.swift; path = Lesson17Flashcards.swift; sourceTree = "<group>"; };
		B921971E2C196E7A00EBA4D5 /* Lesson18Flashcards.swift */ = {isa = PBXFileReference; lastKnownFileType = sourcecode.swift; path = Lesson18Flashcards.swift; sourceTree = "<group>"; };
		B92197202C196E9700EBA4D5 /* Lesson19Flashcards.swift */ = {isa = PBXFileReference; lastKnownFileType = sourcecode.swift; path = Lesson19Flashcards.swift; sourceTree = "<group>"; };
		B92197222C196EAB00EBA4D5 /* Lesson20Flashcards.swift */ = {isa = PBXFileReference; lastKnownFileType = sourcecode.swift; path = Lesson20Flashcards.swift; sourceTree = "<group>"; };
		B98E3ADF2C0ED22200E1CD62 /* Learn Chinese.app */ = {isa = PBXFileReference; explicitFileType = wrapper.application; includeInIndex = 0; path = "Learn Chinese.app"; sourceTree = BUILT_PRODUCTS_DIR; };
		B98E3AE62C0ED22300E1CD62 /* Assets.xcassets */ = {isa = PBXFileReference; lastKnownFileType = folder.assetcatalog; path = Assets.xcassets; sourceTree = "<group>"; };
		B98E3AE92C0ED22300E1CD62 /* Preview Assets.xcassets */ = {isa = PBXFileReference; lastKnownFileType = folder.assetcatalog; path = "Preview Assets.xcassets"; sourceTree = "<group>"; };
		B994725C2C2D8210002743B5 /* Lesson33Flashcards.swift */ = {isa = PBXFileReference; lastKnownFileType = sourcecode.swift; path = Lesson33Flashcards.swift; sourceTree = "<group>"; };
		B994725E2C2D823E002743B5 /* Lesson34Flashcards.swift */ = {isa = PBXFileReference; lastKnownFileType = sourcecode.swift; path = Lesson34Flashcards.swift; sourceTree = "<group>"; };
		B99472602C2D8266002743B5 /* Lesson35Flashcards.swift */ = {isa = PBXFileReference; lastKnownFileType = sourcecode.swift; path = Lesson35Flashcards.swift; sourceTree = "<group>"; };
		B998D9352C510EEF00F903F6 /* RepetitionTrainingView.swift */ = {isa = PBXFileReference; fileEncoding = 4; lastKnownFileType = sourcecode.swift; path = RepetitionTrainingView.swift; sourceTree = "<group>"; };
		B998D9362C510EEF00F903F6 /* FlashcardManager.swift */ = {isa = PBXFileReference; fileEncoding = 4; lastKnownFileType = sourcecode.swift; path = FlashcardManager.swift; sourceTree = "<group>"; };
		B998D9372C510EEF00F903F6 /* ContentView.swift */ = {isa = PBXFileReference; fileEncoding = 4; lastKnownFileType = sourcecode.swift; path = ContentView.swift; sourceTree = "<group>"; };
		B9ADF37A2C4B789C00796B6D /* Learn Chinese Master.storekit */ = {isa = PBXFileReference; lastKnownFileType = text; path = "Learn Chinese Master.storekit"; sourceTree = "<group>"; };
		B9B3D61A2C0F1FF9007D8731 /* LearnChineseApp.swift */ = {isa = PBXFileReference; lastKnownFileType = sourcecode.swift; path = LearnChineseApp.swift; sourceTree = "<group>"; };
		B9C4FDB72C23F34D0078BCE3 /* Lesson21Flashcards.swift */ = {isa = PBXFileReference; lastKnownFileType = sourcecode.swift; path = Lesson21Flashcards.swift; sourceTree = "<group>"; };
		B9C4FDB92C23F3730078BCE3 /* Lesson22Flashcards.swift */ = {isa = PBXFileReference; lastKnownFileType = sourcecode.swift; path = Lesson22Flashcards.swift; sourceTree = "<group>"; };
		B9C4FDBB2C23F3980078BCE3 /* Lesson23Flashcards.swift */ = {isa = PBXFileReference; lastKnownFileType = sourcecode.swift; path = Lesson23Flashcards.swift; sourceTree = "<group>"; };
		B9C4FDBD2C23F3BF0078BCE3 /* Lesson24Flashcards.swift */ = {isa = PBXFileReference; lastKnownFileType = sourcecode.swift; path = Lesson24Flashcards.swift; sourceTree = "<group>"; };
		B9C4FDBF2C23F3E50078BCE3 /* Lesson25Flashcards.swift */ = {isa = PBXFileReference; lastKnownFileType = sourcecode.swift; path = Lesson25Flashcards.swift; sourceTree = "<group>"; };
		B9C4FDC12C23F4020078BCE3 /* Lesson26Flashcards.swift */ = {isa = PBXFileReference; lastKnownFileType = sourcecode.swift; path = Lesson26Flashcards.swift; sourceTree = "<group>"; };
		B9C4FDC32C23F41E0078BCE3 /* Lesson27Flashcards.swift */ = {isa = PBXFileReference; lastKnownFileType = sourcecode.swift; path = Lesson27Flashcards.swift; sourceTree = "<group>"; };
		B9C4FDC52C23F4880078BCE3 /* Lesson28Flashcards.swift */ = {isa = PBXFileReference; lastKnownFileType = sourcecode.swift; path = Lesson28Flashcards.swift; sourceTree = "<group>"; };
		B9C4FDC72C23F4AF0078BCE3 /* Lesson29Flashcards.swift */ = {isa = PBXFileReference; lastKnownFileType = sourcecode.swift; path = Lesson29Flashcards.swift; sourceTree = "<group>"; };
		B9C4FDC92C23F4CD0078BCE3 /* Lesson30Flashcards.swift */ = {isa = PBXFileReference; lastKnownFileType = sourcecode.swift; path = Lesson30Flashcards.swift; sourceTree = "<group>"; };
		B9C4FDCB2C23F4EF0078BCE3 /* Lesson31Flashcards.swift */ = {isa = PBXFileReference; lastKnownFileType = sourcecode.swift; path = Lesson31Flashcards.swift; sourceTree = "<group>"; };
		B9C4FDCD2C23F5130078BCE3 /* Lesson32Flashcards.swift */ = {isa = PBXFileReference; lastKnownFileType = sourcecode.swift; path = Lesson32Flashcards.swift; sourceTree = "<group>"; };
		B9C850782C12CDC200F7AE48 /* Lesson3Flashcards.swift */ = {isa = PBXFileReference; lastKnownFileType = sourcecode.swift; path = Lesson3Flashcards.swift; sourceTree = "<group>"; };
		B9C8507A2C12CF5000F7AE48 /* Lesson4Flashcards.swift */ = {isa = PBXFileReference; lastKnownFileType = sourcecode.swift; path = Lesson4Flashcards.swift; sourceTree = "<group>"; };
		B9C8507C2C12CF8600F7AE48 /* Lesson5Flashcards.swift */ = {isa = PBXFileReference; lastKnownFileType = sourcecode.swift; path = Lesson5Flashcards.swift; sourceTree = "<group>"; };
		B9C8507E2C12CFAD00F7AE48 /* Lesson6Flashcards.swift */ = {isa = PBXFileReference; lastKnownFileType = sourcecode.swift; path = Lesson6Flashcards.swift; sourceTree = "<group>"; };
		B9C850802C12CFC900F7AE48 /* Lesson7Flashcards.swift */ = {isa = PBXFileReference; lastKnownFileType = sourcecode.swift; path = Lesson7Flashcards.swift; sourceTree = "<group>"; };
		B9C850822C12CFE100F7AE48 /* Lesson8Flashcards.swift */ = {isa = PBXFileReference; lastKnownFileType = sourcecode.swift; path = Lesson8Flashcards.swift; sourceTree = "<group>"; };
		B9C850842C12D00000F7AE48 /* Lesson9Flashcards.swift */ = {isa = PBXFileReference; lastKnownFileType = sourcecode.swift; path = Lesson9Flashcards.swift; sourceTree = "<group>"; };
		B9C850862C12D01900F7AE48 /* Lesson10Flashcards.swift */ = {isa = PBXFileReference; lastKnownFileType = sourcecode.swift; path = Lesson10Flashcards.swift; sourceTree = "<group>"; };
		B9DCA5EA2C1083F8004B88E3 /* Space.MOV */ = {isa = PBXFileReference; lastKnownFileType = video.quicktime; path = Space.MOV; sourceTree = "<group>"; };
		B9E9CFE82C102AB100423113 /* Lesson1Flashcards.swift */ = {isa = PBXFileReference; lastKnownFileType = sourcecode.swift; path = Lesson1Flashcards.swift; sourceTree = "<group>"; };
		B9E9CFEA2C1030E700423113 /* Lesson2Flashcards.swift */ = {isa = PBXFileReference; lastKnownFileType = sourcecode.swift; path = Lesson2Flashcards.swift; sourceTree = "<group>"; };
/* End PBXFileReference section */

/* Begin PBXFrameworksBuildPhase section */
		B98E3ADC2C0ED22200E1CD62 /* Frameworks */ = {
			isa = PBXFrameworksBuildPhase;
			buildActionMask = 2147483647;
			files = (
			);
			runOnlyForDeploymentPostprocessing = 0;
		};
/* End PBXFrameworksBuildPhase section */

/* Begin PBXGroup section */
		B98E3AD62C0ED22200E1CD62 = {
			isa = PBXGroup;
			children = (
				B9ADF37A2C4B789C00796B6D /* Learn Chinese Master.storekit */,
				B9DCA5EA2C1083F8004B88E3 /* Space.MOV */,
				B98E3AE12C0ED22200E1CD62 /* Learn Chinese */,
				B98E3AE02C0ED22200E1CD62 /* Products */,
			);
			sourceTree = "<group>";
		};
		B98E3AE02C0ED22200E1CD62 /* Products */ = {
			isa = PBXGroup;
			children = (
				B98E3ADF2C0ED22200E1CD62 /* Learn Chinese.app */,
			);
			name = Products;
			sourceTree = "<group>";
		};
		B98E3AE12C0ED22200E1CD62 /* Learn Chinese */ = {
			isa = PBXGroup;
			children = (
				B998D9372C510EEF00F903F6 /* ContentView.swift */,
				B998D9362C510EEF00F903F6 /* FlashcardManager.swift */,
				B998D9352C510EEF00F903F6 /* RepetitionTrainingView.swift */,
				B9E9CFE82C102AB100423113 /* Lesson1Flashcards.swift */,
				B9E9CFEA2C1030E700423113 /* Lesson2Flashcards.swift */,
				B9C850782C12CDC200F7AE48 /* Lesson3Flashcards.swift */,
				B9C8507A2C12CF5000F7AE48 /* Lesson4Flashcards.swift */,
				B9C8507C2C12CF8600F7AE48 /* Lesson5Flashcards.swift */,
				B9C8507E2C12CFAD00F7AE48 /* Lesson6Flashcards.swift */,
				B9C850802C12CFC900F7AE48 /* Lesson7Flashcards.swift */,
				B9C850822C12CFE100F7AE48 /* Lesson8Flashcards.swift */,
				B9C850842C12D00000F7AE48 /* Lesson9Flashcards.swift */,
				B9C850862C12D01900F7AE48 /* Lesson10Flashcards.swift */,
				B92197102C1969E500EBA4D5 /* Lesson11Flashcards.swift */,
				B92197122C196D9D00EBA4D5 /* Lesson12Flashcards.swift */,
				B92197142C196DBD00EBA4D5 /* Lesson13Flashcards.swift */,
				B92197162C196DDF00EBA4D5 /* Lesson14Flashcards.swift */,
				B92197182C196DFE00EBA4D5 /* Lesson15Flashcards.swift */,
				B921971A2C196E2100EBA4D5 /* Lesson16Flashcards.swift */,
				B921971C2C196E4300EBA4D5 /* Lesson17Flashcards.swift */,
				B921971E2C196E7A00EBA4D5 /* Lesson18Flashcards.swift */,
				B92197202C196E9700EBA4D5 /* Lesson19Flashcards.swift */,
				B92197222C196EAB00EBA4D5 /* Lesson20Flashcards.swift */,
				B9C4FDB72C23F34D0078BCE3 /* Lesson21Flashcards.swift */,
				B9C4FDB92C23F3730078BCE3 /* Lesson22Flashcards.swift */,
				B9C4FDBB2C23F3980078BCE3 /* Lesson23Flashcards.swift */,
				B9C4FDBD2C23F3BF0078BCE3 /* Lesson24Flashcards.swift */,
				B9C4FDBF2C23F3E50078BCE3 /* Lesson25Flashcards.swift */,
				B9C4FDC12C23F4020078BCE3 /* Lesson26Flashcards.swift */,
				B9C4FDC32C23F41E0078BCE3 /* Lesson27Flashcards.swift */,
				B9C4FDC52C23F4880078BCE3 /* Lesson28Flashcards.swift */,
				B9C4FDC72C23F4AF0078BCE3 /* Lesson29Flashcards.swift */,
				B9C4FDC92C23F4CD0078BCE3 /* Lesson30Flashcards.swift */,
				B9C4FDCB2C23F4EF0078BCE3 /* Lesson31Flashcards.swift */,
				B9C4FDCD2C23F5130078BCE3 /* Lesson32Flashcards.swift */,
				B994725C2C2D8210002743B5 /* Lesson33Flashcards.swift */,
				B994725E2C2D823E002743B5 /* Lesson34Flashcards.swift */,
				B99472602C2D8266002743B5 /* Lesson35Flashcards.swift */,
				B9B3D61A2C0F1FF9007D8731 /* LearnChineseApp.swift */,
				B98E3AE62C0ED22300E1CD62 /* Assets.xcassets */,
				B98E3AE82C0ED22300E1CD62 /* Preview Content */,
			);
			path = "Learn Chinese";
			sourceTree = "<group>";
		};
		B98E3AE82C0ED22300E1CD62 /* Preview Content */ = {
			isa = PBXGroup;
			children = (
				B98E3AE92C0ED22300E1CD62 /* Preview Assets.xcassets */,
			);
			path = "Preview Content";
			sourceTree = "<group>";
		};
/* End PBXGroup section */

/* Begin PBXNativeTarget section */
		B98E3ADE2C0ED22200E1CD62 /* Learn Chinese */ = {
			isa = PBXNativeTarget;
			buildConfigurationList = B98E3AED2C0ED22300E1CD62 /* Build configuration list for PBXNativeTarget "Learn Chinese" */;
			buildPhases = (
				B98E3ADB2C0ED22200E1CD62 /* Sources */,
				B98E3ADC2C0ED22200E1CD62 /* Frameworks */,
				B98E3ADD2C0ED22200E1CD62 /* Resources */,
			);
			buildRules = (
			);
			dependencies = (
			);
			name = "Learn Chinese";
			productName = "Learn Chinese";
			productReference = B98E3ADF2C0ED22200E1CD62 /* Learn Chinese.app */;
			productType = "com.apple.product-type.application";
		};
/* End PBXNativeTarget section */

/* Begin PBXProject section */
		B98E3AD72C0ED22200E1CD62 /* Project object */ = {
			isa = PBXProject;
			attributes = {
				BuildIndependentTargetsInParallel = 1;
				LastSwiftUpdateCheck = 1540;
				LastUpgradeCheck = 1540;
				TargetAttributes = {
					B98E3ADE2C0ED22200E1CD62 = {
						CreatedOnToolsVersion = 15.4;
					};
				};
			};
			buildConfigurationList = B98E3ADA2C0ED22200E1CD62 /* Build configuration list for PBXProject "Learn Chinese" */;
			compatibilityVersion = "Xcode 14.0";
			developmentRegion = en;
			hasScannedForEncodings = 0;
			knownRegions = (
				en,
				Base,
			);
			mainGroup = B98E3AD62C0ED22200E1CD62;
			productRefGroup = B98E3AE02C0ED22200E1CD62 /* Products */;
			projectDirPath = "";
			projectRoot = "";
			targets = (
				B98E3ADE2C0ED22200E1CD62 /* Learn Chinese */,
			);
		};
/* End PBXProject section */

/* Begin PBXResourcesBuildPhase section */
		B98E3ADD2C0ED22200E1CD62 /* Resources */ = {
			isa = PBXResourcesBuildPhase;
			buildActionMask = 2147483647;
			files = (
				B98E3AEA2C0ED22300E1CD62 /* Preview Assets.xcassets in Resources */,
				B9ADF37B2C4B789C00796B6D /* Learn Chinese Master.storekit in Resources */,
				B98E3AE72C0ED22300E1CD62 /* Assets.xcassets in Resources */,
				B9DCA5EB2C1083F8004B88E3 /* Space.MOV in Resources */,
			);
			runOnlyForDeploymentPostprocessing = 0;
		};
/* End PBXResourcesBuildPhase section */

/* Begin PBXSourcesBuildPhase section */
		B98E3ADB2C0ED22200E1CD62 /* Sources */ = {
			isa = PBXSourcesBuildPhase;
			buildActionMask = 2147483647;
			files = (
				B9C850852C12D00000F7AE48 /* Lesson9Flashcards.swift in Sources */,
				B9C4FDBE2C23F3BF0078BCE3 /* Lesson24Flashcards.swift in Sources */,
				B92197112C1969E500EBA4D5 /* Lesson11Flashcards.swift in Sources */,
				B9C850792C12CDC200F7AE48 /* Lesson3Flashcards.swift in Sources */,
				B9C4FDCA2C23F4CD0078BCE3 /* Lesson30Flashcards.swift in Sources */,
				B9C4FDBA2C23F3730078BCE3 /* Lesson22Flashcards.swift in Sources */,
				B9C850832C12CFE100F7AE48 /* Lesson8Flashcards.swift in Sources */,
				B9C8507B2C12CF5000F7AE48 /* Lesson4Flashcards.swift in Sources */,
				B9E9CFE92C102AB100423113 /* Lesson1Flashcards.swift in Sources */,
				B9B3D61C2C0F208C007D8731 /* LearnChineseApp.swift in Sources */,
				B9C4FDCE2C23F5130078BCE3 /* Lesson32Flashcards.swift in Sources */,
				B921971B2C196E2100EBA4D5 /* Lesson16Flashcards.swift in Sources */,
				B994725D2C2D8210002743B5 /* Lesson33Flashcards.swift in Sources */,
				B921971D2C196E4300EBA4D5 /* Lesson17Flashcards.swift in Sources */,
				B92197172C196DDF00EBA4D5 /* Lesson14Flashcards.swift in Sources */,
				B9C4FDC82C23F4AF0078BCE3 /* Lesson29Flashcards.swift in Sources */,
				B9C850872C12D01900F7AE48 /* Lesson10Flashcards.swift in Sources */,
				B92197212C196E9700EBA4D5 /* Lesson19Flashcards.swift in Sources */,
				B9C8507D2C12CF8600F7AE48 /* Lesson5Flashcards.swift in Sources */,
				B9C4FDC02C23F3E50078BCE3 /* Lesson25Flashcards.swift in Sources */,
				B9E9CFEB2C1030E700423113 /* Lesson2Flashcards.swift in Sources */,
				B9C4FDBC2C23F3980078BCE3 /* Lesson23Flashcards.swift in Sources */,
				B92197132C196D9D00EBA4D5 /* Lesson12Flashcards.swift in Sources */,
				B998D93A2C510EEF00F903F6 /* ContentView.swift in Sources */,
				B9C4FDC42C23F41E0078BCE3 /* Lesson27Flashcards.swift in Sources */,
				B92197152C196DBD00EBA4D5 /* Lesson13Flashcards.swift in Sources */,
				B9C4FDC62C23F4880078BCE3 /* Lesson28Flashcards.swift in Sources */,
				B998D9392C510EEF00F903F6 /* FlashcardManager.swift in Sources */,
				B9C850812C12CFC900F7AE48 /* Lesson7Flashcards.swift in Sources */,
				B92197232C196EAB00EBA4D5 /* Lesson20Flashcards.swift in Sources */,
				B92197192C196DFE00EBA4D5 /* Lesson15Flashcards.swift in Sources */,
				B9C4FDB82C23F34D0078BCE3 /* Lesson21Flashcards.swift in Sources */,
				B99472612C2D8266002743B5 /* Lesson35Flashcards.swift in Sources */,
				B9C4FDCC2C23F4EF0078BCE3 /* Lesson31Flashcards.swift in Sources */,
				B9C8507F2C12CFAD00F7AE48 /* Lesson6Flashcards.swift in Sources */,
				B994725F2C2D823E002743B5 /* Lesson34Flashcards.swift in Sources */,
				B921971F2C196E7A00EBA4D5 /* Lesson18Flashcards.swift in Sources */,
				B9C4FDC22C23F4020078BCE3 /* Lesson26Flashcards.swift in Sources */,
				B998D9382C510EEF00F903F6 /* RepetitionTrainingView.swift in Sources */,
			);
			runOnlyForDeploymentPostprocessing = 0;
		};
/* End PBXSourcesBuildPhase section */

/* Begin XCBuildConfiguration section */
		B98E3AEB2C0ED22300E1CD62 /* Debug */ = {
			isa = XCBuildConfiguration;
			buildSettings = {
				ALWAYS_SEARCH_USER_PATHS = NO;
				ASSETCATALOG_COMPILER_GENERATE_SWIFT_ASSET_SYMBOL_EXTENSIONS = YES;
				CLANG_ANALYZER_NONNULL = YES;
				CLANG_ANALYZER_NUMBER_OBJECT_CONVERSION = YES_AGGRESSIVE;
				CLANG_CXX_LANGUAGE_STANDARD = "gnu++20";
				CLANG_ENABLE_MODULES = YES;
				CLANG_ENABLE_OBJC_ARC = YES;
				CLANG_ENABLE_OBJC_WEAK = YES;
				CLANG_WARN_BLOCK_CAPTURE_AUTORELEASING = YES;
				CLANG_WARN_BOOL_CONVERSION = YES;
				CLANG_WARN_COMMA = YES;
				CLANG_WARN_CONSTANT_CONVERSION = YES;
				CLANG_WARN_DEPRECATED_OBJC_IMPLEMENTATIONS = YES;
				CLANG_WARN_DIRECT_OBJC_ISA_USAGE = YES_ERROR;
				CLANG_WARN_DOCUMENTATION_COMMENTS = YES;
				CLANG_WARN_EMPTY_BODY = YES;
				CLANG_WARN_ENUM_CONVERSION = YES;
				CLANG_WARN_INFINITE_RECURSION = YES;
				CLANG_WARN_INT_CONVERSION = YES;
				CLANG_WARN_NON_LITERAL_NULL_CONVERSION = YES;
				CLANG_WARN_OBJC_IMPLICIT_RETAIN_SELF = YES;
				CLANG_WARN_OBJC_LITERAL_CONVERSION = YES;
				CLANG_WARN_OBJC_ROOT_CLASS = YES_ERROR;
				CLANG_WARN_QUOTED_INCLUDE_IN_FRAMEWORK_HEADER = YES;
				CLANG_WARN_RANGE_LOOP_ANALYSIS = YES;
				CLANG_WARN_STRICT_PROTOTYPES = YES;
				CLANG_WARN_SUSPICIOUS_MOVE = YES;
				CLANG_WARN_UNGUARDED_AVAILABILITY = YES_AGGRESSIVE;
				CLANG_WARN_UNREACHABLE_CODE = YES;
				CLANG_WARN__DUPLICATE_METHOD_MATCH = YES;
				COPY_PHASE_STRIP = NO;
				DEBUG_INFORMATION_FORMAT = dwarf;
				ENABLE_STRICT_OBJC_MSGSEND = YES;
				ENABLE_TESTABILITY = YES;
				ENABLE_USER_SCRIPT_SANDBOXING = YES;
				GCC_C_LANGUAGE_STANDARD = gnu17;
				GCC_DYNAMIC_NO_PIC = NO;
				GCC_NO_COMMON_BLOCKS = YES;
				GCC_OPTIMIZATION_LEVEL = 0;
				GCC_PREPROCESSOR_DEFINITIONS = (
					"DEBUG=1",
					"$(inherited)",
				);
				GCC_WARN_64_TO_32_BIT_CONVERSION = YES;
				GCC_WARN_ABOUT_RETURN_TYPE = YES_ERROR;
				GCC_WARN_UNDECLARED_SELECTOR = YES;
				GCC_WARN_UNINITIALIZED_AUTOS = YES_AGGRESSIVE;
				GCC_WARN_UNUSED_FUNCTION = YES;
				GCC_WARN_UNUSED_VARIABLE = YES;
				IPHONEOS_DEPLOYMENT_TARGET = 15.0;
				LOCALIZATION_PREFERS_STRING_CATALOGS = YES;
				MTL_ENABLE_DEBUG_INFO = INCLUDE_SOURCE;
				MTL_FAST_MATH = YES;
				ONLY_ACTIVE_ARCH = YES;
				SDKROOT = iphoneos;
				SWIFT_ACTIVE_COMPILATION_CONDITIONS = "DEBUG $(inherited)";
				SWIFT_OPTIMIZATION_LEVEL = "-Onone";
			};
			name = Debug;
		};
		B98E3AEC2C0ED22300E1CD62 /* Release */ = {
			isa = XCBuildConfiguration;
			buildSettings = {
				ALWAYS_SEARCH_USER_PATHS = NO;
				ASSETCATALOG_COMPILER_GENERATE_SWIFT_ASSET_SYMBOL_EXTENSIONS = YES;
				CLANG_ANALYZER_NONNULL = YES;
				CLANG_ANALYZER_NUMBER_OBJECT_CONVERSION = YES_AGGRESSIVE;
				CLANG_CXX_LANGUAGE_STANDARD = "gnu++20";
				CLANG_ENABLE_MODULES = YES;
				CLANG_ENABLE_OBJC_ARC = YES;
				CLANG_ENABLE_OBJC_WEAK = YES;
				CLANG_WARN_BLOCK_CAPTURE_AUTORELEASING = YES;
				CLANG_WARN_BOOL_CONVERSION = YES;
				CLANG_WARN_COMMA = YES;
				CLANG_WARN_CONSTANT_CONVERSION = YES;
				CLANG_WARN_DEPRECATED_OBJC_IMPLEMENTATIONS = YES;
				CLANG_WARN_DIRECT_OBJC_ISA_USAGE = YES_ERROR;
				CLANG_WARN_DOCUMENTATION_COMMENTS = YES;
				CLANG_WARN_EMPTY_BODY = YES;
				CLANG_WARN_ENUM_CONVERSION = YES;
				CLANG_WARN_INFINITE_RECURSION = YES;
				CLANG_WARN_INT_CONVERSION = YES;
				CLANG_WARN_NON_LITERAL_NULL_CONVERSION = YES;
				CLANG_WARN_OBJC_IMPLICIT_RETAIN_SELF = YES;
				CLANG_WARN_OBJC_LITERAL_CONVERSION = YES;
				CLANG_WARN_OBJC_ROOT_CLASS = YES_ERROR;
				CLANG_WARN_QUOTED_INCLUDE_IN_FRAMEWORK_HEADER = YES;
				CLANG_WARN_RANGE_LOOP_ANALYSIS = YES;
				CLANG_WARN_STRICT_PROTOTYPES = YES;
				CLANG_WARN_SUSPICIOUS_MOVE = YES;
				CLANG_WARN_UNGUARDED_AVAILABILITY = YES_AGGRESSIVE;
				CLANG_WARN_UNREACHABLE_CODE = YES;
				CLANG_WARN__DUPLICATE_METHOD_MATCH = YES;
				COPY_PHASE_STRIP = NO;
				DEBUG_INFORMATION_FORMAT = "dwarf-with-dsym";
				ENABLE_NS_ASSERTIONS = NO;
				ENABLE_STRICT_OBJC_MSGSEND = YES;
				ENABLE_USER_SCRIPT_SANDBOXING = YES;
				GCC_C_LANGUAGE_STANDARD = gnu17;
				GCC_NO_COMMON_BLOCKS = YES;
				GCC_WARN_64_TO_32_BIT_CONVERSION = YES;
				GCC_WARN_ABOUT_RETURN_TYPE = YES_ERROR;
				GCC_WARN_UNDECLARED_SELECTOR = YES;
				GCC_WARN_UNINITIALIZED_AUTOS = YES_AGGRESSIVE;
				GCC_WARN_UNUSED_FUNCTION = YES;
				GCC_WARN_UNUSED_VARIABLE = YES;
				IPHONEOS_DEPLOYMENT_TARGET = 15.0;
				LOCALIZATION_PREFERS_STRING_CATALOGS = YES;
				MTL_ENABLE_DEBUG_INFO = NO;
				MTL_FAST_MATH = YES;
				SDKROOT = iphoneos;
				SWIFT_COMPILATION_MODE = wholemodule;
				VALIDATE_PRODUCT = YES;
			};
			name = Release;
		};
		B98E3AEE2C0ED22300E1CD62 /* Debug */ = {
			isa = XCBuildConfiguration;
			buildSettings = {
				ASSETCATALOG_COMPILER_APPICON_NAME = AppIcon;
				ASSETCATALOG_COMPILER_GLOBAL_ACCENT_COLOR_NAME = AccentColor;
				CODE_SIGN_STYLE = Automatic;
				CURRENT_PROJECT_VERSION = 1;
				DEVELOPMENT_ASSET_PATHS = "\"Learn Chinese/Preview Content\"";
				DEVELOPMENT_TEAM = F47N76J6T2;
				ENABLE_PREVIEWS = YES;
				GENERATE_INFOPLIST_FILE = YES;
				INFOPLIST_KEY_UIApplicationSceneManifest_Generation = YES;
				INFOPLIST_KEY_UIApplicationSupportsIndirectInputEvents = YES;
				INFOPLIST_KEY_UILaunchScreen_Generation = YES;
				INFOPLIST_KEY_UISupportedInterfaceOrientations_iPad = "UIInterfaceOrientationPortrait UIInterfaceOrientationPortraitUpsideDown UIInterfaceOrientationLandscapeLeft UIInterfaceOrientationLandscapeRight";
				INFOPLIST_KEY_UISupportedInterfaceOrientations_iPhone = "UIInterfaceOrientationPortrait UIInterfaceOrientationLandscapeLeft UIInterfaceOrientationLandscapeRight";
				IPHONEOS_DEPLOYMENT_TARGET = 15.0;
				LD_RUNPATH_SEARCH_PATHS = (
					"$(inherited)",
					"@executable_path/Frameworks",
				);
				MARKETING_VERSION = 4.0;
				PRODUCT_BUNDLE_IDENTIFIER = "Genesis.Learn-Chinese";
				PRODUCT_NAME = "$(TARGET_NAME)";
				SWIFT_EMIT_LOC_STRINGS = YES;
				SWIFT_VERSION = 5.0;
				TARGETED_DEVICE_FAMILY = "1,2";
			};
			name = Debug;
		};
		B98E3AEF2C0ED22300E1CD62 /* Release */ = {
			isa = XCBuildConfiguration;
			buildSettings = {
				ASSETCATALOG_COMPILER_APPICON_NAME = AppIcon;
				ASSETCATALOG_COMPILER_GLOBAL_ACCENT_COLOR_NAME = AccentColor;
				CODE_SIGN_STYLE = Automatic;
				CURRENT_PROJECT_VERSION = 1;
				DEVELOPMENT_ASSET_PATHS = "\"Learn Chinese/Preview Content\"";
				DEVELOPMENT_TEAM = F47N76J6T2;
				ENABLE_PREVIEWS = YES;
				GENERATE_INFOPLIST_FILE = YES;
				INFOPLIST_KEY_UIApplicationSceneManifest_Generation = YES;
				INFOPLIST_KEY_UIApplicationSupportsIndirectInputEvents = YES;
				INFOPLIST_KEY_UILaunchScreen_Generation = YES;
				INFOPLIST_KEY_UISupportedInterfaceOrientations_iPad = "UIInterfaceOrientationPortrait UIInterfaceOrientationPortraitUpsideDown UIInterfaceOrientationLandscapeLeft UIInterfaceOrientationLandscapeRight";
				INFOPLIST_KEY_UISupportedInterfaceOrientations_iPhone = "UIInterfaceOrientationPortrait UIInterfaceOrientationLandscapeLeft UIInterfaceOrientationLandscapeRight";
				IPHONEOS_DEPLOYMENT_TARGET = 15.0;
				LD_RUNPATH_SEARCH_PATHS = (
					"$(inherited)",
					"@executable_path/Frameworks",
				);
				MARKETING_VERSION = 4.0;
				PRODUCT_BUNDLE_IDENTIFIER = "Genesis.Learn-Chinese";
				PRODUCT_NAME = "$(TARGET_NAME)";
				SWIFT_EMIT_LOC_STRINGS = YES;
				SWIFT_VERSION = 5.0;
				TARGETED_DEVICE_FAMILY = "1,2";
			};
			name = Release;
		};
/* End XCBuildConfiguration section */

/* Begin XCConfigurationList section */
		B98E3ADA2C0ED22200E1CD62 /* Build configuration list for PBXProject "Learn Chinese" */ = {
			isa = XCConfigurationList;
			buildConfigurations = (
				B98E3AEB2C0ED22300E1CD62 /* Debug */,
				B98E3AEC2C0ED22300E1CD62 /* Release */,
			);
			defaultConfigurationIsVisible = 0;
			defaultConfigurationName = Release;
		};
		B98E3AED2C0ED22300E1CD62 /* Build configuration list for PBXNativeTarget "Learn Chinese" */ = {
			isa = XCConfigurationList;
			buildConfigurations = (
				B98E3AEE2C0ED22300E1CD62 /* Debug */,
				B98E3AEF2C0ED22300E1CD62 /* Release */,
			);
			defaultConfigurationIsVisible = 0;
			defaultConfigurationName = Release;
		};
/* End XCConfigurationList section */
	};
	rootObject = B98E3AD72C0ED22200E1CD62 /* Project object */;
}
