// !$*UTF8*$!
{
	archiveVersion = 1;
	classes = {
	};
	objectVersion = 56;
	objects = {

/* Begin PBXBuildFile section */
		B97716E82CCD0F6A00468CD4 /* NewDataBase.db in Resources */ = {isa = PBXBuildFile; fileRef = B97716E72CCD0F6A00468CD4 /* NewDataBase.db */; };
		B98E3AE72C0ED22300E1CD62 /* Assets.xcassets in Resources */ = {isa = PBXBuildFile; fileRef = B98E3AE62C0ED22300E1CD62 /* Assets.xcassets */; };
		B98E3AEA2C0ED22300E1CD62 /* Preview Assets.xcassets in Resources */ = {isa = PBXBuildFile; fileRef = B98E3AE92C0ED22300E1CD62 /* Preview Assets.xcassets */; };
		B998D9382C510EEF00F903F6 /* RepetitionTrainingView.swift in Sources */ = {isa = PBXBuildFile; fileRef = B998D9352C510EEF00F903F6 /* RepetitionTrainingView.swift */; };
		B998D9392C510EEF00F903F6 /* FlashcardManager.swift in Sources */ = {isa = PBXBuildFile; fileRef = B998D9362C510EEF00F903F6 /* FlashcardManager.swift */; };
		B998D93A2C510EEF00F903F6 /* ContentView.swift in Sources */ = {isa = PBXBuildFile; fileRef = B998D9372C510EEF00F903F6 /* ContentView.swift */; };
		B9A5C2432C771E910001AFF0 /* Lesson1Flashcards.json in Resources */ = {isa = PBXBuildFile; fileRef = B9A5C21F2C771E900001AFF0 /* Lesson1Flashcards.json */; };
		B9A5C2442C771E910001AFF0 /* Lesson2Flashcards.json in Resources */ = {isa = PBXBuildFile; fileRef = B9A5C2202C771E900001AFF0 /* Lesson2Flashcards.json */; };
		B9A5C2452C771E910001AFF0 /* Lesson3Flashcards.json in Resources */ = {isa = PBXBuildFile; fileRef = B9A5C2212C771E900001AFF0 /* Lesson3Flashcards.json */; };
		B9A5C2462C771E910001AFF0 /* Lesson4Flashcards.json in Resources */ = {isa = PBXBuildFile; fileRef = B9A5C2222C771E900001AFF0 /* Lesson4Flashcards.json */; };
		B9A5C2472C771E910001AFF0 /* Lesson5Flashcards.json in Resources */ = {isa = PBXBuildFile; fileRef = B9A5C2232C771E900001AFF0 /* Lesson5Flashcards.json */; };
		B9A5C2482C771E910001AFF0 /* Lesson6Flashcards.json in Resources */ = {isa = PBXBuildFile; fileRef = B9A5C2242C771E900001AFF0 /* Lesson6Flashcards.json */; };
		B9A5C2492C771E910001AFF0 /* Lesson7Flashcards.json in Resources */ = {isa = PBXBuildFile; fileRef = B9A5C2252C771E900001AFF0 /* Lesson7Flashcards.json */; };
		B9A5C24A2C771E910001AFF0 /* Lesson8Flashcards.json in Resources */ = {isa = PBXBuildFile; fileRef = B9A5C2262C771E900001AFF0 /* Lesson8Flashcards.json */; };
		B9A5C24B2C771E910001AFF0 /* Lesson9Flashcards.json in Resources */ = {isa = PBXBuildFile; fileRef = B9A5C2272C771E900001AFF0 /* Lesson9Flashcards.json */; };
		B9A5C24C2C771E910001AFF0 /* Lesson10Flashcards.json in Resources */ = {isa = PBXBuildFile; fileRef = B9A5C2282C771E900001AFF0 /* Lesson10Flashcards.json */; };
		B9A5C24D2C771E910001AFF0 /* Lesson11Flashcards.json in Resources */ = {isa = PBXBuildFile; fileRef = B9A5C2292C771E900001AFF0 /* Lesson11Flashcards.json */; };
		B9A5C24E2C771E910001AFF0 /* Lesson12Flashcards.json in Resources */ = {isa = PBXBuildFile; fileRef = B9A5C22A2C771E900001AFF0 /* Lesson12Flashcards.json */; };
		B9A5C24F2C771E910001AFF0 /* Lesson13Flashcards.json in Resources */ = {isa = PBXBuildFile; fileRef = B9A5C22B2C771E900001AFF0 /* Lesson13Flashcards.json */; };
		B9A5C2502C771E910001AFF0 /* Lesson14Flashcards.json in Resources */ = {isa = PBXBuildFile; fileRef = B9A5C22C2C771E900001AFF0 /* Lesson14Flashcards.json */; };
		B9A5C2512C771E910001AFF0 /* Lesson15Flashcards.json in Resources */ = {isa = PBXBuildFile; fileRef = B9A5C22D2C771E900001AFF0 /* Lesson15Flashcards.json */; };
		B9A5C2522C771E910001AFF0 /* Lesson16Flashcards.json in Resources */ = {isa = PBXBuildFile; fileRef = B9A5C22E2C771E900001AFF0 /* Lesson16Flashcards.json */; };
		B9A5C2532C771E910001AFF0 /* Lesson17Flashcards.json in Resources */ = {isa = PBXBuildFile; fileRef = B9A5C22F2C771E900001AFF0 /* Lesson17Flashcards.json */; };
		B9A5C2542C771E910001AFF0 /* Lesson18Flashcards.json in Resources */ = {isa = PBXBuildFile; fileRef = B9A5C2302C771E900001AFF0 /* Lesson18Flashcards.json */; };
		B9A5C2552C771E910001AFF0 /* Lesson19Flashcards.json in Resources */ = {isa = PBXBuildFile; fileRef = B9A5C2312C771E900001AFF0 /* Lesson19Flashcards.json */; };
		B9A5C2562C771E910001AFF0 /* Lesson20Flashcards.json in Resources */ = {isa = PBXBuildFile; fileRef = B9A5C2322C771E900001AFF0 /* Lesson20Flashcards.json */; };
		B9A5C2572C771E910001AFF0 /* Lesson21Flashcards.json in Resources */ = {isa = PBXBuildFile; fileRef = B9A5C2332C771E900001AFF0 /* Lesson21Flashcards.json */; };
		B9A5C2582C771E910001AFF0 /* Lesson22Flashcards.json in Resources */ = {isa = PBXBuildFile; fileRef = B9A5C2342C771E900001AFF0 /* Lesson22Flashcards.json */; };
		B9A5C2592C771E910001AFF0 /* Lesson23Flashcards.json in Resources */ = {isa = PBXBuildFile; fileRef = B9A5C2352C771E900001AFF0 /* Lesson23Flashcards.json */; };
		B9A5C25A2C771E910001AFF0 /* Lesson24Flashcards.json in Resources */ = {isa = PBXBuildFile; fileRef = B9A5C2362C771E900001AFF0 /* Lesson24Flashcards.json */; };
		B9A5C25B2C771E910001AFF0 /* Lesson25Flashcards.json in Resources */ = {isa = PBXBuildFile; fileRef = B9A5C2372C771E900001AFF0 /* Lesson25Flashcards.json */; };
		B9A5C25C2C771E910001AFF0 /* Lesson26Flashcards.json in Resources */ = {isa = PBXBuildFile; fileRef = B9A5C2382C771E900001AFF0 /* Lesson26Flashcards.json */; };
		B9A5C25D2C771E910001AFF0 /* Lesson27Flashcards.json in Resources */ = {isa = PBXBuildFile; fileRef = B9A5C2392C771E900001AFF0 /* Lesson27Flashcards.json */; };
		B9A5C25E2C771E910001AFF0 /* Lesson28Flashcards.json in Resources */ = {isa = PBXBuildFile; fileRef = B9A5C23A2C771E900001AFF0 /* Lesson28Flashcards.json */; };
		B9A5C25F2C771E910001AFF0 /* Lesson29Flashcards.json in Resources */ = {isa = PBXBuildFile; fileRef = B9A5C23B2C771E900001AFF0 /* Lesson29Flashcards.json */; };
		B9A5C2602C771E910001AFF0 /* Lesson30Flashcards.json in Resources */ = {isa = PBXBuildFile; fileRef = B9A5C23C2C771E900001AFF0 /* Lesson30Flashcards.json */; };
		B9A5C2612C771E910001AFF0 /* Lesson31Flashcards.json in Resources */ = {isa = PBXBuildFile; fileRef = B9A5C23D2C771E900001AFF0 /* Lesson31Flashcards.json */; };
		B9A5C2622C771E910001AFF0 /* Lesson32Flashcards.json in Resources */ = {isa = PBXBuildFile; fileRef = B9A5C23E2C771E900001AFF0 /* Lesson32Flashcards.json */; };
		B9A5C2632C771E910001AFF0 /* Lesson33Flashcards.json in Resources */ = {isa = PBXBuildFile; fileRef = B9A5C23F2C771E900001AFF0 /* Lesson33Flashcards.json */; };
		B9A5C2642C771E910001AFF0 /* Lesson34Flashcards.json in Resources */ = {isa = PBXBuildFile; fileRef = B9A5C2402C771E900001AFF0 /* Lesson34Flashcards.json */; };
		B9A5C2652C771E910001AFF0 /* Lesson35Flashcards.json in Resources */ = {isa = PBXBuildFile; fileRef = B9A5C2412C771E900001AFF0 /* Lesson35Flashcards.json */; };
		B9ADF37B2C4B789C00796B6D /* Learn Chinese Master.storekit in Resources */ = {isa = PBXBuildFile; fileRef = B9ADF37A2C4B789C00796B6D /* Learn Chinese Master.storekit */; };
		B9B3D61C2C0F208C007D8731 /* LearnChineseApp.swift in Sources */ = {isa = PBXBuildFile; fileRef = B9B3D61A2C0F1FF9007D8731 /* LearnChineseApp.swift */; };
		B9DCA5EB2C1083F8004B88E3 /* Space.MOV in Resources */ = {isa = PBXBuildFile; fileRef = B9DCA5EA2C1083F8004B88E3 /* Space.MOV */; };
/* End PBXBuildFile section */

/* Begin PBXFileReference section */
		B97716E72CCD0F6A00468CD4 /* NewDataBase.db */ = {isa = PBXFileReference; lastKnownFileType = file; name = NewDataBase.db; path = ../../../NewDataBase.db; sourceTree = "<group>"; };
		B98E3ADF2C0ED22200E1CD62 /* Learn Chinese.app */ = {isa = PBXFileReference; explicitFileType = wrapper.application; includeInIndex = 0; path = "Learn Chinese.app"; sourceTree = BUILT_PRODUCTS_DIR; };
		B98E3AE62C0ED22300E1CD62 /* Assets.xcassets */ = {isa = PBXFileReference; lastKnownFileType = folder.assetcatalog; path = Assets.xcassets; sourceTree = "<group>"; };
		B98E3AE92C0ED22300E1CD62 /* Preview Assets.xcassets */ = {isa = PBXFileReference; lastKnownFileType = folder.assetcatalog; path = "Preview Assets.xcassets"; sourceTree = "<group>"; };
		B998D9352C510EEF00F903F6 /* RepetitionTrainingView.swift */ = {isa = PBXFileReference; fileEncoding = 4; lastKnownFileType = sourcecode.swift; path = RepetitionTrainingView.swift; sourceTree = "<group>"; };
		B998D9362C510EEF00F903F6 /* FlashcardManager.swift */ = {isa = PBXFileReference; fileEncoding = 4; lastKnownFileType = sourcecode.swift; path = FlashcardManager.swift; sourceTree = "<group>"; };
		B998D9372C510EEF00F903F6 /* ContentView.swift */ = {isa = PBXFileReference; fileEncoding = 4; lastKnownFileType = sourcecode.swift; path = ContentView.swift; sourceTree = "<group>"; };
		B9A5C21F2C771E900001AFF0 /* Lesson1Flashcards.json */ = {isa = PBXFileReference; fileEncoding = 4; lastKnownFileType = text.json; path = Lesson1Flashcards.json; sourceTree = "<group>"; };
		B9A5C2202C771E900001AFF0 /* Lesson2Flashcards.json */ = {isa = PBXFileReference; fileEncoding = 4; lastKnownFileType = text.json; path = Lesson2Flashcards.json; sourceTree = "<group>"; };
		B9A5C2212C771E900001AFF0 /* Lesson3Flashcards.json */ = {isa = PBXFileReference; fileEncoding = 4; lastKnownFileType = text.json; path = Lesson3Flashcards.json; sourceTree = "<group>"; };
		B9A5C2222C771E900001AFF0 /* Lesson4Flashcards.json */ = {isa = PBXFileReference; fileEncoding = 4; lastKnownFileType = text.json; path = Lesson4Flashcards.json; sourceTree = "<group>"; };
		B9A5C2232C771E900001AFF0 /* Lesson5Flashcards.json */ = {isa = PBXFileReference; fileEncoding = 4; lastKnownFileType = text.json; path = Lesson5Flashcards.json; sourceTree = "<group>"; };
		B9A5C2242C771E900001AFF0 /* Lesson6Flashcards.json */ = {isa = PBXFileReference; fileEncoding = 4; lastKnownFileType = text.json; path = Lesson6Flashcards.json; sourceTree = "<group>"; };
		B9A5C2252C771E900001AFF0 /* Lesson7Flashcards.json */ = {isa = PBXFileReference; fileEncoding = 4; lastKnownFileType = text.json; path = Lesson7Flashcards.json; sourceTree = "<group>"; };
		B9A5C2262C771E900001AFF0 /* Lesson8Flashcards.json */ = {isa = PBXFileReference; fileEncoding = 4; lastKnownFileType = text.json; path = Lesson8Flashcards.json; sourceTree = "<group>"; };
		B9A5C2272C771E900001AFF0 /* Lesson9Flashcards.json */ = {isa = PBXFileReference; fileEncoding = 4; lastKnownFileType = text.json; path = Lesson9Flashcards.json; sourceTree = "<group>"; };
		B9A5C2282C771E900001AFF0 /* Lesson10Flashcards.json */ = {isa = PBXFileReference; fileEncoding = 4; lastKnownFileType = text.json; path = Lesson10Flashcards.json; sourceTree = "<group>"; };
		B9A5C2292C771E900001AFF0 /* Lesson11Flashcards.json */ = {isa = PBXFileReference; fileEncoding = 4; lastKnownFileType = text.json; path = Lesson11Flashcards.json; sourceTree = "<group>"; };
		B9A5C22A2C771E900001AFF0 /* Lesson12Flashcards.json */ = {isa = PBXFileReference; fileEncoding = 4; lastKnownFileType = text.json; path = Lesson12Flashcards.json; sourceTree = "<group>"; };
		B9A5C22B2C771E900001AFF0 /* Lesson13Flashcards.json */ = {isa = PBXFileReference; fileEncoding = 4; lastKnownFileType = text.json; path = Lesson13Flashcards.json; sourceTree = "<group>"; };
		B9A5C22C2C771E900001AFF0 /* Lesson14Flashcards.json */ = {isa = PBXFileReference; fileEncoding = 4; lastKnownFileType = text.json; path = Lesson14Flashcards.json; sourceTree = "<group>"; };
		B9A5C22D2C771E900001AFF0 /* Lesson15Flashcards.json */ = {isa = PBXFileReference; fileEncoding = 4; lastKnownFileType = text.json; path = Lesson15Flashcards.json; sourceTree = "<group>"; };
		B9A5C22E2C771E900001AFF0 /* Lesson16Flashcards.json */ = {isa = PBXFileReference; fileEncoding = 4; lastKnownFileType = text.json; path = Lesson16Flashcards.json; sourceTree = "<group>"; };
		B9A5C22F2C771E900001AFF0 /* Lesson17Flashcards.json */ = {isa = PBXFileReference; fileEncoding = 4; lastKnownFileType = text.json; path = Lesson17Flashcards.json; sourceTree = "<group>"; };
		B9A5C2302C771E900001AFF0 /* Lesson18Flashcards.json */ = {isa = PBXFileReference; fileEncoding = 4; lastKnownFileType = text.json; path = Lesson18Flashcards.json; sourceTree = "<group>"; };
		B9A5C2312C771E900001AFF0 /* Lesson19Flashcards.json */ = {isa = PBXFileReference; fileEncoding = 4; lastKnownFileType = text.json; path = Lesson19Flashcards.json; sourceTree = "<group>"; };
		B9A5C2322C771E900001AFF0 /* Lesson20Flashcards.json */ = {isa = PBXFileReference; fileEncoding = 4; lastKnownFileType = text.json; path = Lesson20Flashcards.json; sourceTree = "<group>"; };
		B9A5C2332C771E900001AFF0 /* Lesson21Flashcards.json */ = {isa = PBXFileReference; fileEncoding = 4; lastKnownFileType = text.json; path = Lesson21Flashcards.json; sourceTree = "<group>"; };
		B9A5C2342C771E900001AFF0 /* Lesson22Flashcards.json */ = {isa = PBXFileReference; fileEncoding = 4; lastKnownFileType = text.json; path = Lesson22Flashcards.json; sourceTree = "<group>"; };
		B9A5C2352C771E900001AFF0 /* Lesson23Flashcards.json */ = {isa = PBXFileReference; fileEncoding = 4; lastKnownFileType = text.json; path = Lesson23Flashcards.json; sourceTree = "<group>"; };
		B9A5C2362C771E900001AFF0 /* Lesson24Flashcards.json */ = {isa = PBXFileReference; fileEncoding = 4; lastKnownFileType = text.json; path = Lesson24Flashcards.json; sourceTree = "<group>"; };
		B9A5C2372C771E900001AFF0 /* Lesson25Flashcards.json */ = {isa = PBXFileReference; fileEncoding = 4; lastKnownFileType = text.json; path = Lesson25Flashcards.json; sourceTree = "<group>"; };
		B9A5C2382C771E900001AFF0 /* Lesson26Flashcards.json */ = {isa = PBXFileReference; fileEncoding = 4; lastKnownFileType = text.json; path = Lesson26Flashcards.json; sourceTree = "<group>"; };
		B9A5C2392C771E900001AFF0 /* Lesson27Flashcards.json */ = {isa = PBXFileReference; fileEncoding = 4; lastKnownFileType = text.json; path = Lesson27Flashcards.json; sourceTree = "<group>"; };
		B9A5C23A2C771E900001AFF0 /* Lesson28Flashcards.json */ = {isa = PBXFileReference; fileEncoding = 4; lastKnownFileType = text.json; path = Lesson28Flashcards.json; sourceTree = "<group>"; };
		B9A5C23B2C771E900001AFF0 /* Lesson29Flashcards.json */ = {isa = PBXFileReference; fileEncoding = 4; lastKnownFileType = text.json; path = Lesson29Flashcards.json; sourceTree = "<group>"; };
		B9A5C23C2C771E900001AFF0 /* Lesson30Flashcards.json */ = {isa = PBXFileReference; fileEncoding = 4; lastKnownFileType = text.json; path = Lesson30Flashcards.json; sourceTree = "<group>"; };
		B9A5C23D2C771E900001AFF0 /* Lesson31Flashcards.json */ = {isa = PBXFileReference; fileEncoding = 4; lastKnownFileType = text.json; path = Lesson31Flashcards.json; sourceTree = "<group>"; };
		B9A5C23E2C771E900001AFF0 /* Lesson32Flashcards.json */ = {isa = PBXFileReference; fileEncoding = 4; lastKnownFileType = text.json; path = Lesson32Flashcards.json; sourceTree = "<group>"; };
		B9A5C23F2C771E900001AFF0 /* Lesson33Flashcards.json */ = {isa = PBXFileReference; fileEncoding = 4; lastKnownFileType = text.json; path = Lesson33Flashcards.json; sourceTree = "<group>"; };
		B9A5C2402C771E900001AFF0 /* Lesson34Flashcards.json */ = {isa = PBXFileReference; fileEncoding = 4; lastKnownFileType = text.json; path = Lesson34Flashcards.json; sourceTree = "<group>"; };
		B9A5C2412C771E900001AFF0 /* Lesson35Flashcards.json */ = {isa = PBXFileReference; fileEncoding = 4; lastKnownFileType = text.json; path = Lesson35Flashcards.json; sourceTree = "<group>"; };
		B9ADF37A2C4B789C00796B6D /* Learn Chinese Master.storekit */ = {isa = PBXFileReference; lastKnownFileType = text; path = "Learn Chinese Master.storekit"; sourceTree = "<group>"; };
		B9B3D61A2C0F1FF9007D8731 /* LearnChineseApp.swift */ = {isa = PBXFileReference; lastKnownFileType = sourcecode.swift; path = LearnChineseApp.swift; sourceTree = "<group>"; };
		B9DCA5EA2C1083F8004B88E3 /* Space.MOV */ = {isa = PBXFileReference; lastKnownFileType = video.quicktime; path = Space.MOV; sourceTree = "<group>"; };
/* End PBXFileReference section */

/* Begin PBXFrameworksBuildPhase section */
		B98E3ADC2C0ED22200E1CD62 /* Frameworks */ = {
			isa = PBXFrameworksBuildPhase;
			buildActionMask = 2147483647;
			files = (
			);
			runOnlyForDeploymentPostprocessing = 0;
		};
/* End PBXFrameworksBuildPhase section */

/* Begin PBXGroup section */
		B98E3AD62C0ED22200E1CD62 = {
			isa = PBXGroup;
			children = (
				B9ADF37A2C4B789C00796B6D /* Learn Chinese Master.storekit */,
				B9DCA5EA2C1083F8004B88E3 /* Space.MOV */,
				B98E3AE12C0ED22200E1CD62 /* Learn Chinese */,
				B98E3AE02C0ED22200E1CD62 /* Products */,
			);
			sourceTree = "<group>";
		};
		B98E3AE02C0ED22200E1CD62 /* Products */ = {
			isa = PBXGroup;
			children = (
				B98E3ADF2C0ED22200E1CD62 /* Learn Chinese.app */,
			);
			name = Products;
			sourceTree = "<group>";
		};
		B98E3AE12C0ED22200E1CD62 /* Learn Chinese */ = {
			isa = PBXGroup;
			children = (
				B9A5C2422C771E900001AFF0 /* json */,
				B998D9372C510EEF00F903F6 /* ContentView.swift */,
				B998D9362C510EEF00F903F6 /* FlashcardManager.swift */,
				B998D9352C510EEF00F903F6 /* RepetitionTrainingView.swift */,
				B9B3D61A2C0F1FF9007D8731 /* LearnChineseApp.swift */,
				B98E3AE62C0ED22300E1CD62 /* Assets.xcassets */,
				B98E3AE82C0ED22300E1CD62 /* Preview Content */,
			);
			path = "Learn Chinese";
			sourceTree = "<group>";
		};
		B98E3AE82C0ED22300E1CD62 /* Preview Content */ = {
			isa = PBXGroup;
			children = (
				B97716E72CCD0F6A00468CD4 /* NewDataBase.db */,
				B98E3AE92C0ED22300E1CD62 /* Preview Assets.xcassets */,
			);
			path = "Preview Content";
			sourceTree = "<group>";
		};
		B9A5C2422C771E900001AFF0 /* json */ = {
			isa = PBXGroup;
			children = (
				B9A5C21F2C771E900001AFF0 /* Lesson1Flashcards.json */,
				B9A5C2202C771E900001AFF0 /* Lesson2Flashcards.json */,
				B9A5C2212C771E900001AFF0 /* Lesson3Flashcards.json */,
				B9A5C2222C771E900001AFF0 /* Lesson4Flashcards.json */,
				B9A5C2232C771E900001AFF0 /* Lesson5Flashcards.json */,
				B9A5C2242C771E900001AFF0 /* Lesson6Flashcards.json */,
				B9A5C2252C771E900001AFF0 /* Lesson7Flashcards.json */,
				B9A5C2262C771E900001AFF0 /* Lesson8Flashcards.json */,
				B9A5C2272C771E900001AFF0 /* Lesson9Flashcards.json */,
				B9A5C2282C771E900001AFF0 /* Lesson10Flashcards.json */,
				B9A5C2292C771E900001AFF0 /* Lesson11Flashcards.json */,
				B9A5C22A2C771E900001AFF0 /* Lesson12Flashcards.json */,
				B9A5C22B2C771E900001AFF0 /* Lesson13Flashcards.json */,
				B9A5C22C2C771E900001AFF0 /* Lesson14Flashcards.json */,
				B9A5C22D2C771E900001AFF0 /* Lesson15Flashcards.json */,
				B9A5C22E2C771E900001AFF0 /* Lesson16Flashcards.json */,
				B9A5C22F2C771E900001AFF0 /* Lesson17Flashcards.json */,
				B9A5C2302C771E900001AFF0 /* Lesson18Flashcards.json */,
				B9A5C2312C771E900001AFF0 /* Lesson19Flashcards.json */,
				B9A5C2322C771E900001AFF0 /* Lesson20Flashcards.json */,
				B9A5C2332C771E900001AFF0 /* Lesson21Flashcards.json */,
				B9A5C2342C771E900001AFF0 /* Lesson22Flashcards.json */,
				B9A5C2352C771E900001AFF0 /* Lesson23Flashcards.json */,
				B9A5C2362C771E900001AFF0 /* Lesson24Flashcards.json */,
				B9A5C2372C771E900001AFF0 /* Lesson25Flashcards.json */,
				B9A5C2382C771E900001AFF0 /* Lesson26Flashcards.json */,
				B9A5C2392C771E900001AFF0 /* Lesson27Flashcards.json */,
				B9A5C23A2C771E900001AFF0 /* Lesson28Flashcards.json */,
				B9A5C23B2C771E900001AFF0 /* Lesson29Flashcards.json */,
				B9A5C23C2C771E900001AFF0 /* Lesson30Flashcards.json */,
				B9A5C23D2C771E900001AFF0 /* Lesson31Flashcards.json */,
				B9A5C23E2C771E900001AFF0 /* Lesson32Flashcards.json */,
				B9A5C23F2C771E900001AFF0 /* Lesson33Flashcards.json */,
				B9A5C2402C771E900001AFF0 /* Lesson34Flashcards.json */,
				B9A5C2412C771E900001AFF0 /* Lesson35Flashcards.json */,
			);
			path = json;
			sourceTree = "<group>";
		};
/* End PBXGroup section */

/* Begin PBXNativeTarget section */
		B98E3ADE2C0ED22200E1CD62 /* Learn Chinese */ = {
			isa = PBXNativeTarget;
			buildConfigurationList = B98E3AED2C0ED22300E1CD62 /* Build configuration list for PBXNativeTarget "Learn Chinese" */;
			buildPhases = (
				B98E3ADB2C0ED22200E1CD62 /* Sources */,
				B98E3ADC2C0ED22200E1CD62 /* Frameworks */,
				B98E3ADD2C0ED22200E1CD62 /* Resources */,
			);
			buildRules = (
			);
			dependencies = (
			);
			name = "Learn Chinese";
			productName = "Learn Chinese";
			productReference = B98E3ADF2C0ED22200E1CD62 /* Learn Chinese.app */;
			productType = "com.apple.product-type.application";
		};
/* End PBXNativeTarget section */

/* Begin PBXProject section */
		B98E3AD72C0ED22200E1CD62 /* Project object */ = {
			isa = PBXProject;
			attributes = {
				BuildIndependentTargetsInParallel = 1;
				LastSwiftUpdateCheck = 1540;
				LastUpgradeCheck = 1540;
				TargetAttributes = {
					B98E3ADE2C0ED22200E1CD62 = {
						CreatedOnToolsVersion = 15.4;
					};
				};
			};
			buildConfigurationList = B98E3ADA2C0ED22200E1CD62 /* Build configuration list for PBXProject "Learn Chinese" */;
			compatibilityVersion = "Xcode 14.0";
			developmentRegion = en;
			hasScannedForEncodings = 0;
			knownRegions = (
				en,
				Base,
			);
			mainGroup = B98E3AD62C0ED22200E1CD62;
			productRefGroup = B98E3AE02C0ED22200E1CD62 /* Products */;
			projectDirPath = "";
			projectRoot = "";
			targets = (
				B98E3ADE2C0ED22200E1CD62 /* Learn Chinese */,
			);
		};
/* End PBXProject section */

/* Begin PBXResourcesBuildPhase section */
		B98E3ADD2C0ED22200E1CD62 /* Resources */ = {
			isa = PBXResourcesBuildPhase;
			buildActionMask = 2147483647;
			files = (
				B9A5C2452C771E910001AFF0 /* Lesson3Flashcards.json in Resources */,
				B97716E82CCD0F6A00468CD4 /* NewDataBase.db in Resources */,
				B9A5C24F2C771E910001AFF0 /* Lesson13Flashcards.json in Resources */,
				B9A5C2532C771E910001AFF0 /* Lesson17Flashcards.json in Resources */,
				B9A5C2622C771E910001AFF0 /* Lesson32Flashcards.json in Resources */,
				B9A5C24E2C771E910001AFF0 /* Lesson12Flashcards.json in Resources */,
				B9A5C25F2C771E910001AFF0 /* Lesson29Flashcards.json in Resources */,
				B9A5C2512C771E910001AFF0 /* Lesson15Flashcards.json in Resources */,
				B9A5C2542C771E910001AFF0 /* Lesson18Flashcards.json in Resources */,
				B9A5C24A2C771E910001AFF0 /* Lesson8Flashcards.json in Resources */,
				B9A5C2522C771E910001AFF0 /* Lesson16Flashcards.json in Resources */,
				B9A5C2612C771E910001AFF0 /* Lesson31Flashcards.json in Resources */,
				B9A5C2472C771E910001AFF0 /* Lesson5Flashcards.json in Resources */,
				B9A5C2502C771E910001AFF0 /* Lesson14Flashcards.json in Resources */,
				B9A5C2462C771E910001AFF0 /* Lesson4Flashcards.json in Resources */,
				B9A5C24D2C771E910001AFF0 /* Lesson11Flashcards.json in Resources */,
				B9A5C2572C771E910001AFF0 /* Lesson21Flashcards.json in Resources */,
				B9A5C25D2C771E910001AFF0 /* Lesson27Flashcards.json in Resources */,
				B9A5C2432C771E910001AFF0 /* Lesson1Flashcards.json in Resources */,
				B9A5C2442C771E910001AFF0 /* Lesson2Flashcards.json in Resources */,
				B9A5C2642C771E910001AFF0 /* Lesson34Flashcards.json in Resources */,
				B98E3AEA2C0ED22300E1CD62 /* Preview Assets.xcassets in Resources */,
				B9A5C25A2C771E910001AFF0 /* Lesson24Flashcards.json in Resources */,
				B9A5C2602C771E910001AFF0 /* Lesson30Flashcards.json in Resources */,
				B9A5C24C2C771E910001AFF0 /* Lesson10Flashcards.json in Resources */,
				B9A5C2652C771E910001AFF0 /* Lesson35Flashcards.json in Resources */,
				B9A5C2562C771E910001AFF0 /* Lesson20Flashcards.json in Resources */,
				B9A5C2582C771E910001AFF0 /* Lesson22Flashcards.json in Resources */,
				B9A5C2552C771E910001AFF0 /* Lesson19Flashcards.json in Resources */,
				B9ADF37B2C4B789C00796B6D /* Learn Chinese Master.storekit in Resources */,
				B9A5C25C2C771E910001AFF0 /* Lesson26Flashcards.json in Resources */,
				B9A5C25E2C771E910001AFF0 /* Lesson28Flashcards.json in Resources */,
				B9A5C2492C771E910001AFF0 /* Lesson7Flashcards.json in Resources */,
				B9A5C2592C771E910001AFF0 /* Lesson23Flashcards.json in Resources */,
				B98E3AE72C0ED22300E1CD62 /* Assets.xcassets in Resources */,
				B9A5C25B2C771E910001AFF0 /* Lesson25Flashcards.json in Resources */,
				B9A5C24B2C771E910001AFF0 /* Lesson9Flashcards.json in Resources */,
				B9A5C2632C771E910001AFF0 /* Lesson33Flashcards.json in Resources */,
				B9DCA5EB2C1083F8004B88E3 /* Space.MOV in Resources */,
				B9A5C2482C771E910001AFF0 /* Lesson6Flashcards.json in Resources */,
			);
			runOnlyForDeploymentPostprocessing = 0;
		};
/* End PBXResourcesBuildPhase section */

/* Begin PBXSourcesBuildPhase section */
		B98E3ADB2C0ED22200E1CD62 /* Sources */ = {
			isa = PBXSourcesBuildPhase;
			buildActionMask = 2147483647;
			files = (
				B9B3D61C2C0F208C007D8731 /* LearnChineseApp.swift in Sources */,
				B998D93A2C510EEF00F903F6 /* ContentView.swift in Sources */,
				B998D9392C510EEF00F903F6 /* FlashcardManager.swift in Sources */,
				B998D9382C510EEF00F903F6 /* RepetitionTrainingView.swift in Sources */,
			);
			runOnlyForDeploymentPostprocessing = 0;
		};
/* End PBXSourcesBuildPhase section */

/* Begin XCBuildConfiguration section */
		B98E3AEB2C0ED22300E1CD62 /* Debug */ = {
			isa = XCBuildConfiguration;
			buildSettings = {
				ALWAYS_SEARCH_USER_PATHS = NO;
				ASSETCATALOG_COMPILER_GENERATE_SWIFT_ASSET_SYMBOL_EXTENSIONS = YES;
				CLANG_ANALYZER_NONNULL = YES;
				CLANG_ANALYZER_NUMBER_OBJECT_CONVERSION = YES_AGGRESSIVE;
				CLANG_CXX_LANGUAGE_STANDARD = "gnu++20";
				CLANG_ENABLE_MODULES = YES;
				CLANG_ENABLE_OBJC_ARC = YES;
				CLANG_ENABLE_OBJC_WEAK = YES;
				CLANG_WARN_BLOCK_CAPTURE_AUTORELEASING = YES;
				CLANG_WARN_BOOL_CONVERSION = YES;
				CLANG_WARN_COMMA = YES;
				CLANG_WARN_CONSTANT_CONVERSION = YES;
				CLANG_WARN_DEPRECATED_OBJC_IMPLEMENTATIONS = YES;
				CLANG_WARN_DIRECT_OBJC_ISA_USAGE = YES_ERROR;
				CLANG_WARN_DOCUMENTATION_COMMENTS = YES;
				CLANG_WARN_EMPTY_BODY = YES;
				CLANG_WARN_ENUM_CONVERSION = YES;
				CLANG_WARN_INFINITE_RECURSION = YES;
				CLANG_WARN_INT_CONVERSION = YES;
				CLANG_WARN_NON_LITERAL_NULL_CONVERSION = YES;
				CLANG_WARN_OBJC_IMPLICIT_RETAIN_SELF = YES;
				CLANG_WARN_OBJC_LITERAL_CONVERSION = YES;
				CLANG_WARN_OBJC_ROOT_CLASS = YES_ERROR;
				CLANG_WARN_QUOTED_INCLUDE_IN_FRAMEWORK_HEADER = YES;
				CLANG_WARN_RANGE_LOOP_ANALYSIS = YES;
				CLANG_WARN_STRICT_PROTOTYPES = YES;
				CLANG_WARN_SUSPICIOUS_MOVE = YES;
				CLANG_WARN_UNGUARDED_AVAILABILITY = YES_AGGRESSIVE;
				CLANG_WARN_UNREACHABLE_CODE = YES;
				CLANG_WARN__DUPLICATE_METHOD_MATCH = YES;
				COPY_PHASE_STRIP = NO;
				DEBUG_INFORMATION_FORMAT = dwarf;
				ENABLE_STRICT_OBJC_MSGSEND = YES;
				ENABLE_TESTABILITY = YES;
				ENABLE_USER_SCRIPT_SANDBOXING = YES;
				GCC_C_LANGUAGE_STANDARD = gnu17;
				GCC_DYNAMIC_NO_PIC = NO;
				GCC_NO_COMMON_BLOCKS = YES;
				GCC_OPTIMIZATION_LEVEL = 0;
				GCC_PREPROCESSOR_DEFINITIONS = (
					"DEBUG=1",
					"$(inherited)",
				);
				GCC_WARN_64_TO_32_BIT_CONVERSION = YES;
				GCC_WARN_ABOUT_RETURN_TYPE = YES_ERROR;
				GCC_WARN_UNDECLARED_SELECTOR = YES;
				GCC_WARN_UNINITIALIZED_AUTOS = YES_AGGRESSIVE;
				GCC_WARN_UNUSED_FUNCTION = YES;
				GCC_WARN_UNUSED_VARIABLE = YES;
				IPHONEOS_DEPLOYMENT_TARGET = 15.0;
				LOCALIZATION_PREFERS_STRING_CATALOGS = YES;
				MTL_ENABLE_DEBUG_INFO = INCLUDE_SOURCE;
				MTL_FAST_MATH = YES;
				ONLY_ACTIVE_ARCH = YES;
				SDKROOT = iphoneos;
				SWIFT_ACTIVE_COMPILATION_CONDITIONS = "DEBUG $(inherited)";
				SWIFT_OPTIMIZATION_LEVEL = "-Onone";
			};
			name = Debug;
		};
		B98E3AEC2C0ED22300E1CD62 /* Release */ = {
			isa = XCBuildConfiguration;
			buildSettings = {
				ALWAYS_SEARCH_USER_PATHS = NO;
				ASSETCATALOG_COMPILER_GENERATE_SWIFT_ASSET_SYMBOL_EXTENSIONS = YES;
				CLANG_ANALYZER_NONNULL = YES;
				CLANG_ANALYZER_NUMBER_OBJECT_CONVERSION = YES_AGGRESSIVE;
				CLANG_CXX_LANGUAGE_STANDARD = "gnu++20";
				CLANG_ENABLE_MODULES = YES;
				CLANG_ENABLE_OBJC_ARC = YES;
				CLANG_ENABLE_OBJC_WEAK = YES;
				CLANG_WARN_BLOCK_CAPTURE_AUTORELEASING = YES;
				CLANG_WARN_BOOL_CONVERSION = YES;
				CLANG_WARN_COMMA = YES;
				CLANG_WARN_CONSTANT_CONVERSION = YES;
				CLANG_WARN_DEPRECATED_OBJC_IMPLEMENTATIONS = YES;
				CLANG_WARN_DIRECT_OBJC_ISA_USAGE = YES_ERROR;
				CLANG_WARN_DOCUMENTATION_COMMENTS = YES;
				CLANG_WARN_EMPTY_BODY = YES;
				CLANG_WARN_ENUM_CONVERSION = YES;
				CLANG_WARN_INFINITE_RECURSION = YES;
				CLANG_WARN_INT_CONVERSION = YES;
				CLANG_WARN_NON_LITERAL_NULL_CONVERSION = YES;
				CLANG_WARN_OBJC_IMPLICIT_RETAIN_SELF = YES;
				CLANG_WARN_OBJC_LITERAL_CONVERSION = YES;
				CLANG_WARN_OBJC_ROOT_CLASS = YES_ERROR;
				CLANG_WARN_QUOTED_INCLUDE_IN_FRAMEWORK_HEADER = YES;
				CLANG_WARN_RANGE_LOOP_ANALYSIS = YES;
				CLANG_WARN_STRICT_PROTOTYPES = YES;
				CLANG_WARN_SUSPICIOUS_MOVE = YES;
				CLANG_WARN_UNGUARDED_AVAILABILITY = YES_AGGRESSIVE;
				CLANG_WARN_UNREACHABLE_CODE = YES;
				CLANG_WARN__DUPLICATE_METHOD_MATCH = YES;
				COPY_PHASE_STRIP = NO;
				DEBUG_INFORMATION_FORMAT = "dwarf-with-dsym";
				ENABLE_NS_ASSERTIONS = NO;
				ENABLE_STRICT_OBJC_MSGSEND = YES;
				ENABLE_USER_SCRIPT_SANDBOXING = YES;
				GCC_C_LANGUAGE_STANDARD = gnu17;
				GCC_NO_COMMON_BLOCKS = YES;
				GCC_WARN_64_TO_32_BIT_CONVERSION = YES;
				GCC_WARN_ABOUT_RETURN_TYPE = YES_ERROR;
				GCC_WARN_UNDECLARED_SELECTOR = YES;
				GCC_WARN_UNINITIALIZED_AUTOS = YES_AGGRESSIVE;
				GCC_WARN_UNUSED_FUNCTION = YES;
				GCC_WARN_UNUSED_VARIABLE = YES;
				IPHONEOS_DEPLOYMENT_TARGET = 15.0;
				LOCALIZATION_PREFERS_STRING_CATALOGS = YES;
				MTL_ENABLE_DEBUG_INFO = NO;
				MTL_FAST_MATH = YES;
				SDKROOT = iphoneos;
				SWIFT_COMPILATION_MODE = wholemodule;
				VALIDATE_PRODUCT = YES;
			};
			name = Release;
		};
		B98E3AEE2C0ED22300E1CD62 /* Debug */ = {
			isa = XCBuildConfiguration;
			buildSettings = {
				ASSETCATALOG_COMPILER_APPICON_NAME = AppIcon;
				ASSETCATALOG_COMPILER_GLOBAL_ACCENT_COLOR_NAME = AccentColor;
				CODE_SIGN_STYLE = Automatic;
				CURRENT_PROJECT_VERSION = 1;
				DEVELOPMENT_ASSET_PATHS = "\"Learn Chinese/Preview Content\"";
				DEVELOPMENT_TEAM = F47N76J6T2;
				ENABLE_PREVIEWS = YES;
				GENERATE_INFOPLIST_FILE = YES;
				INFOPLIST_KEY_UIApplicationSceneManifest_Generation = YES;
				INFOPLIST_KEY_UIApplicationSupportsIndirectInputEvents = YES;
				INFOPLIST_KEY_UILaunchScreen_Generation = YES;
				INFOPLIST_KEY_UISupportedInterfaceOrientations_iPad = "UIInterfaceOrientationPortrait UIInterfaceOrientationPortraitUpsideDown UIInterfaceOrientationLandscapeLeft UIInterfaceOrientationLandscapeRight";
				INFOPLIST_KEY_UISupportedInterfaceOrientations_iPhone = "UIInterfaceOrientationPortrait UIInterfaceOrientationLandscapeLeft UIInterfaceOrientationLandscapeRight";
				IPHONEOS_DEPLOYMENT_TARGET = 15.0;
				LD_RUNPATH_SEARCH_PATHS = (
					"$(inherited)",
					"@executable_path/Frameworks",
				);
				MARKETING_VERSION = 4.0;
				PRODUCT_BUNDLE_IDENTIFIER = "Genesis.Learn-Chinese";
				PRODUCT_NAME = "$(TARGET_NAME)";
				SWIFT_EMIT_LOC_STRINGS = YES;
				SWIFT_VERSION = 5.0;
				TARGETED_DEVICE_FAMILY = "1,2";
			};
			name = Debug;
		};
		B98E3AEF2C0ED22300E1CD62 /* Release */ = {
			isa = XCBuildConfiguration;
			buildSettings = {
				ASSETCATALOG_COMPILER_APPICON_NAME = AppIcon;
				ASSETCATALOG_COMPILER_GLOBAL_ACCENT_COLOR_NAME = AccentColor;
				CODE_SIGN_STYLE = Automatic;
				CURRENT_PROJECT_VERSION = 1;
				DEVELOPMENT_ASSET_PATHS = "\"Learn Chinese/Preview Content\"";
				DEVELOPMENT_TEAM = F47N76J6T2;
				ENABLE_PREVIEWS = YES;
				GENERATE_INFOPLIST_FILE = YES;
				INFOPLIST_KEY_UIApplicationSceneManifest_Generation = YES;
				INFOPLIST_KEY_UIApplicationSupportsIndirectInputEvents = YES;
				INFOPLIST_KEY_UILaunchScreen_Generation = YES;
				INFOPLIST_KEY_UISupportedInterfaceOrientations_iPad = "UIInterfaceOrientationPortrait UIInterfaceOrientationPortraitUpsideDown UIInterfaceOrientationLandscapeLeft UIInterfaceOrientationLandscapeRight";
				INFOPLIST_KEY_UISupportedInterfaceOrientations_iPhone = "UIInterfaceOrientationPortrait UIInterfaceOrientationLandscapeLeft UIInterfaceOrientationLandscapeRight";
				IPHONEOS_DEPLOYMENT_TARGET = 15.0;
				LD_RUNPATH_SEARCH_PATHS = (
					"$(inherited)",
					"@executable_path/Frameworks",
				);
				MARKETING_VERSION = 4.0;
				PRODUCT_BUNDLE_IDENTIFIER = "Genesis.Learn-Chinese";
				PRODUCT_NAME = "$(TARGET_NAME)";
				SWIFT_EMIT_LOC_STRINGS = YES;
				SWIFT_VERSION = 5.0;
				TARGETED_DEVICE_FAMILY = "1,2";
			};
			name = Release;
		};
/* End XCBuildConfiguration section */

/* Begin XCConfigurationList section */
		B98E3ADA2C0ED22200E1CD62 /* Build configuration list for PBXProject "Learn Chinese" */ = {
			isa = XCConfigurationList;
			buildConfigurations = (
				B98E3AEB2C0ED22300E1CD62 /* Debug */,
				B98E3AEC2C0ED22300E1CD62 /* Release */,
			);
			defaultConfigurationIsVisible = 0;
			defaultConfigurationName = Release;
		};
		B98E3AED2C0ED22300E1CD62 /* Build configuration list for PBXNativeTarget "Learn Chinese" */ = {
			isa = XCConfigurationList;
			buildConfigurations = (
				B98E3AEE2C0ED22300E1CD62 /* Debug */,
				B98E3AEF2C0ED22300E1CD62 /* Release */,
			);
			defaultConfigurationIsVisible = 0;
			defaultConfigurationName = Release;
		};
/* End XCConfigurationList section */
	};
	rootObject = B98E3AD72C0ED22200E1CD62 /* Project object */;
}
